
Microsoft Visual Studio Solution File, Format Version 12.00
# Visual Studio Version 17
VisualStudioVersion = 17.10.35122.118
MinimumVisualStudioVersion = 10.0.40219.1
Project("{FAE04EC0-301F-11D3-BF4B-00C04F79EFBC}") = "Binary", "Binary\Binary.csproj", "{178280E3-0F74-4D2B-B478-8C0E45EAE4B8}"
EndProject
Global
	GlobalSection(SolutionConfigurationPlatforms) = preSolution
		Debug|Any CPU = Debug|Any CPU
		Release|Any CPU = Release|Any CPU
	EndGlobalSection
	GlobalSection(ProjectConfigurationPlatforms) = postSolution
		{178280E3-0F74-4D2B-B478-8C0E45EAE4B8}.Debug|Any CPU.ActiveCfg = Debug|Any CPU
		{178280E3-0F74-4D2B-B478-8C0E45EAE4B8}.Debug|Any CPU.Build.0 = Debug|Any CPU
		{178280E3-0F74-4D2B-B478-8C0E45EAE4B8}.Release|Any CPU.ActiveCfg = Release|Any CPU
		{178280E3-0F74-4D2B-B478-8C0E45EAE4B8}.Release|Any CPU.Build.0 = Release|Any CPU
	EndGlobalSection
	GlobalSection(SolutionProperties) = preSolution
		HideSolutionNode = FALSE
	EndGlobalSection
	GlobalSection(ExtensibilityGlobals) = postSolution
		SolutionGuid = {F7E459B6-0896-4289-B4F0-6004AD7E7EB0}
	EndGlobalSection
EndGlobal
