
Microsoft Visual Studio Solution File, Format Version 12.00
# Visual Studio Version 17
VisualStudioVersion = 17.10.35122.118
MinimumVisualStudioVersion = 10.0.40219.1
Project("{FAE04EC0-301F-11D3-BF4B-00C04F79EFBC}") = "RaceManagement", "RaceManagement\RaceManagement.csproj", "{2DB9834F-1C4F-42E6-B04C-63C1577AF58A}"
EndProject
Global
	GlobalSection(SolutionConfigurationPlatforms) = preSolution
		Debug|Any CPU = Debug|Any CPU
		Release|Any CPU = Release|Any CPU
	EndGlobalSection
	GlobalSection(ProjectConfigurationPlatforms) = postSolution
		{2DB9834F-1C4F-42E6-B04C-63C1577AF58A}.Debug|Any CPU.ActiveCfg = Debug|Any CPU
		{2DB9834F-1C4F-42E6-B04C-63C1577AF58A}.Debug|Any CPU.Build.0 = Debug|Any CPU
		{2DB9834F-1C4F-42E6-B04C-63C1577AF58A}.Release|Any CPU.ActiveCfg = Release|Any CPU
		{2DB9834F-1C4F-42E6-B04C-63C1577AF58A}.Release|Any CPU.Build.0 = Release|Any CPU
	EndGlobalSection
	GlobalSection(SolutionProperties) = preSolution
		HideSolutionNode = FALSE
	EndGlobalSection
	GlobalSection(ExtensibilityGlobals) = postSolution
		SolutionGuid = {EF42C34E-4B58-4DCE-99A7-982DDECB74F9}
	EndGlobalSection
EndGlobal
